version = 1
revision = 3
requires-python = ">=3.14"

[[package]]
name = "rice-agents"
version = "0.1.0"
source = { virtual = "." }

[package.dev-dependencies]
dev = [
    { name = "ruff" },
    { name = "ty" },
]

[package.metadata]

[package.metadata.requires-dev]
dev = [
    { name = "ruff", specifier = ">=0.14.9" },
    { name = "ty", specifier = ">=0.0.3" },
]

[[package]]
name = "ruff"
version = "0.14.10"
source = { registry = "https://pypi.org/simple" }
sdist = { url = "https://files.pythonhosted.org/packages/57/08/52232a877978dd8f9cf2aeddce3e611b40a63287dfca29b6b8da791f5e8d/ruff-0.14.10.tar.gz", hash = "sha256:9a2e830f075d1a42cd28420d7809ace390832a490ed0966fe373ba288e77aaf4", size = 5859763, upload-time = "2025-12-18T19:28:57.98Z" }
wheels = [
    { url = "https://files.pythonhosted.org/packages/60/01/933704d69f3f05ee16ef11406b78881733c186fe14b6a46b05cfcaf6d3b2/ruff-0.14.10-py3-none-linux_armv6l.whl", hash = "sha256:7a3ce585f2ade3e1f29ec1b92df13e3da262178df8c8bdf876f48fa0e8316c49", size = 13527080, upload-time = "2025-12-18T19:29:25.642Z" },
    { url = "https://files.pythonhosted.org/packages/df/58/a0349197a7dfa603ffb7f5b0470391efa79ddc327c1e29c4851e85b09cc5/ruff-0.14.10-py3-none-macosx_10_12_x86_64.whl", hash = "sha256:674f9be9372907f7257c51f1d4fc902cb7cf014b9980152b802794317941f08f", size = 13797320, upload-time = "2025-12-18T19:29:02.571Z" },
    { url = "https://files.pythonhosted.org/packages/7b/82/36be59f00a6082e38c23536df4e71cdbc6af8d7c707eade97fcad5c98235/ruff-0.14.10-py3-none-macosx_11_0_arm64.whl", hash = "sha256:d85713d522348837ef9df8efca33ccb8bd6fcfc86a2cde3ccb4bc9d28a18003d", size = 12918434, upload-time = "2025-12-18T19:28:51.202Z" },
    { url = "https://files.pythonhosted.org/packages/a6/00/45c62a7f7e34da92a25804f813ebe05c88aa9e0c25e5cb5a7d23dd7450e3/ruff-0.14.10-py3-none-manylinux_2_17_aarch64.manylinux2014_aarch64.whl", hash = "sha256:6987ebe0501ae4f4308d7d24e2d0fe3d7a98430f5adfd0f1fead050a740a3a77", size = 13371961, upload-time = "2025-12-18T19:29:04.991Z" },
    { url = "https://files.pythonhosted.org/packages/40/31/a5906d60f0405f7e57045a70f2d57084a93ca7425f22e1d66904769d1628/ruff-0.14.10-py3-none-manylinux_2_17_armv7l.manylinux2014_armv7l.whl", hash = "sha256:16a01dfb7b9e4eee556fbfd5392806b1b8550c9b4a9f6acd3dbe6812b193c70a", size = 13275629, upload-time = "2025-12-18T19:29:21.381Z" },
    { url = "https://files.pythonhosted.org/packages/3e/60/61c0087df21894cf9d928dc04bcd4fb10e8b2e8dca7b1a276ba2155b2002/ruff-0.14.10-py3-none-manylinux_2_17_i686.manylinux2014_i686.whl", hash = "sha256:7165d31a925b7a294465fa81be8c12a0e9b60fb02bf177e79067c867e71f8b1f", size = 14029234, upload-time = "2025-12-18T19:29:00.132Z" },
    { url = "https://files.pythonhosted.org/packages/44/84/77d911bee3b92348b6e5dab5a0c898d87084ea03ac5dc708f46d88407def/ruff-0.14.10-py3-none-manylinux_2_17_ppc64.manylinux2014_ppc64.whl", hash = "sha256:c561695675b972effb0c0a45db233f2c816ff3da8dcfbe7dfc7eed625f218935", size = 15449890, upload-time = "2025-12-18T19:28:53.573Z" },
    { url = "https://files.pythonhosted.org/packages/e9/36/480206eaefa24a7ec321582dda580443a8f0671fdbf6b1c80e9c3e93a16a/ruff-0.14.10-py3-none-manylinux_2_17_ppc64le.manylinux2014_ppc64le.whl", hash = "sha256:4bb98fcbbc61725968893682fd4df8966a34611239c9fd07a1f6a07e7103d08e", size = 15123172, upload-time = "2025-12-18T19:29:23.453Z" },
    { url = "https://files.pythonhosted.org/packages/5c/38/68e414156015ba80cef5473d57919d27dfb62ec804b96180bafdeaf0e090/ruff-0.14.10-py3-none-manylinux_2_17_s390x.manylinux2014_s390x.whl", hash = "sha256:f24b47993a9d8cb858429e97bdf8544c78029f09b520af615c1d261bf827001d", size = 14460260, upload-time = "2025-12-18T19:29:27.808Z" },
    { url = "https://files.pythonhosted.org/packages/b3/19/9e050c0dca8aba824d67cc0db69fb459c28d8cd3f6855b1405b3f29cc91d/ruff-0.14.10-py3-none-manylinux_2_17_x86_64.manylinux2014_x86_64.whl", hash = "sha256:59aabd2e2c4fd614d2862e7939c34a532c04f1084476d6833dddef4afab87e9f", size = 14229978, upload-time = "2025-12-18T19:29:11.32Z" },
    { url = "https://files.pythonhosted.org/packages/51/eb/e8dd1dd6e05b9e695aa9dd420f4577debdd0f87a5ff2fedda33c09e9be8c/ruff-0.14.10-py3-none-manylinux_2_31_riscv64.whl", hash = "sha256:213db2b2e44be8625002dbea33bb9c60c66ea2c07c084a00d55732689d697a7f", size = 14338036, upload-time = "2025-12-18T19:29:09.184Z" },
    { url = "https://files.pythonhosted.org/packages/6a/12/f3e3a505db7c19303b70af370d137795fcfec136d670d5de5391e295c134/ruff-0.14.10-py3-none-musllinux_1_2_aarch64.whl", hash = "sha256:b914c40ab64865a17a9a5b67911d14df72346a634527240039eb3bd650e5979d", size = 13264051, upload-time = "2025-12-18T19:29:13.431Z" },
    { url = "https://files.pythonhosted.org/packages/08/64/8c3a47eaccfef8ac20e0484e68e0772013eb85802f8a9f7603ca751eb166/ruff-0.14.10-py3-none-musllinux_1_2_armv7l.whl", hash = "sha256:1484983559f026788e3a5c07c81ef7d1e97c1c78ed03041a18f75df104c45405", size = 13283998, upload-time = "2025-12-18T19:29:06.994Z" },
    { url = "https://files.pythonhosted.org/packages/12/84/534a5506f4074e5cc0529e5cd96cfc01bb480e460c7edf5af70d2bcae55e/ruff-0.14.10-py3-none-musllinux_1_2_i686.whl", hash = "sha256:c70427132db492d25f982fffc8d6c7535cc2fd2c83fc8888f05caaa248521e60", size = 13601891, upload-time = "2025-12-18T19:28:55.811Z" },
    { url = "https://files.pythonhosted.org/packages/0d/1e/14c916087d8598917dbad9b2921d340f7884824ad6e9c55de948a93b106d/ruff-0.14.10-py3-none-musllinux_1_2_x86_64.whl", hash = "sha256:5bcf45b681e9f1ee6445d317ce1fa9d6cba9a6049542d1c3d5b5958986be8830", size = 14336660, upload-time = "2025-12-18T19:29:16.531Z" },
    { url = "https://files.pythonhosted.org/packages/f2/1c/d7b67ab43f30013b47c12b42d1acd354c195351a3f7a1d67f59e54227ede/ruff-0.14.10-py3-none-win32.whl", hash = "sha256:104c49fc7ab73f3f3a758039adea978869a918f31b73280db175b43a2d9b51d6", size = 13196187, upload-time = "2025-12-18T19:29:19.006Z" },
    { url = "https://files.pythonhosted.org/packages/fb/9c/896c862e13886fae2af961bef3e6312db9ebc6adc2b156fe95e615dee8c1/ruff-0.14.10-py3-none-win_amd64.whl", hash = "sha256:466297bd73638c6bdf06485683e812db1c00c7ac96d4ddd0294a338c62fdc154", size = 14661283, upload-time = "2025-12-18T19:29:30.16Z" },
    { url = "https://files.pythonhosted.org/packages/74/31/b0e29d572670dca3674eeee78e418f20bdf97fa8aa9ea71380885e175ca0/ruff-0.14.10-py3-none-win_arm64.whl", hash = "sha256:e51d046cf6dda98a4633b8a8a771451107413b0f07183b2bef03f075599e44e6", size = 13729839, upload-time = "2025-12-18T19:28:48.636Z" },
]

[[package]]
name = "ty"
version = "0.0.4"
source = { registry = "https://pypi.org/simple" }
sdist = { url = "https://files.pythonhosted.org/packages/48/d9/97d5808e851f790e58f8a54efb5c7b9f404640baf9e295f424846040b316/ty-0.0.4.tar.gz", hash = "sha256:2ea47a0089d74730658ec4e988c8ef476a1e9bd92df3e56709c4003c2895ff3b", size = 4780289, upload-time = "2025-12-19T00:13:53.12Z" }
wheels = [
    { url = "https://files.pythonhosted.org/packages/b1/94/b32a962243cc8a16e8dc74cf1fe75e8bb013d0e13e71bb540e2c86214b61/ty-0.0.4-py3-none-linux_armv6l.whl", hash = "sha256:5225da65a8d1defeb21ee9d74298b1b97c6cbab36e235a310c1430d9079e4b6a", size = 9762399, upload-time = "2025-12-19T00:14:11.261Z" },
    { url = "https://files.pythonhosted.org/packages/d1/d2/7c76e0c22ddfc2fcd4a3458a65f87ce074070eb1c68c07ee475cc2b6ea68/ty-0.0.4-py3-none-macosx_10_12_x86_64.whl", hash = "sha256:f87770d7988f470b795a2043185082fa959dbe1979a11b4bfe20f1214d37bd6e", size = 9590410, upload-time = "2025-12-19T00:13:55.759Z" },
    { url = "https://files.pythonhosted.org/packages/a5/84/de4b1fc85669faca3622071d5a3f3ec7bfb239971f368c28fae461d3398a/ty-0.0.4-py3-none-macosx_11_0_arm64.whl", hash = "sha256:ecf68b8ea48674a289d733b4786aecc259242a2d9a920b3ec8583db18c67496a", size = 9131113, upload-time = "2025-12-19T00:14:08.593Z" },
    { url = "https://files.pythonhosted.org/packages/a7/ff/b5bf385b6983be56a470856bbcbac1b7e816bcd765a7e9d39ab2399e387d/ty-0.0.4-py3-none-manylinux_2_17_aarch64.manylinux2014_aarch64.whl", hash = "sha256:efc396d76a57e527393cae4ee8faf23b93be3df9e93202f39925721a7a2bb7b8", size = 9599152, upload-time = "2025-12-19T00:13:40.484Z" },
    { url = "https://files.pythonhosted.org/packages/36/d6/9880ba106f2f20d13e6a5dca5d5ca44bfb3782936ee67ff635f89a2959c0/ty-0.0.4-py3-none-manylinux_2_17_armv7l.manylinux2014_armv7l.whl", hash = "sha256:c893b968d2f9964a4d4db9992c9ba66b01f411b1f48dffcde08622e19cd6ab97", size = 9585368, upload-time = "2025-12-19T00:14:00.994Z" },
    { url = "https://files.pythonhosted.org/packages/3f/53/503cfc18bc4c7c4e02f89dd43debc41a6e343b41eb43df658dfb493a386d/ty-0.0.4-py3-none-manylinux_2_17_i686.manylinux2014_i686.whl", hash = "sha256:526c925b80d68a53c165044d2370fcfc0def1f119f7b7e483ee61d24da6fb891", size = 9998412, upload-time = "2025-12-19T00:14:18.653Z" },
    { url = "https://files.pythonhosted.org/packages/1d/bd/dd2d3e29834da5add2eda0ab5b433171ce9ce9a248c364d2e237f82073d7/ty-0.0.4-py3-none-manylinux_2_17_ppc64.manylinux2014_ppc64.whl", hash = "sha256:857f605a7fa366b6c6e6f38abc311d0606be513c2bee8977b5c8fd4bde1a82d5", size = 10853890, upload-time = "2025-12-19T00:13:50.891Z" },
    { url = "https://files.pythonhosted.org/packages/07/fe/28ba3be1672e6b8df46e43de66a02dc076ffba7853d391a5466421886225/ty-0.0.4-py3-none-manylinux_2_17_ppc64le.manylinux2014_ppc64le.whl", hash = "sha256:b4cc981aa3ebdac2c233421b1e58c80b0df6a8e6e6fa8b9e69fbdfd2f82768af", size = 10587263, upload-time = "2025-12-19T00:14:21.577Z" },
    { url = "https://files.pythonhosted.org/packages/26/9c/bb598772043f686afe5bc26cb386020709c1a0bcc164bc22ad9da2b4f55d/ty-0.0.4-py3-none-manylinux_2_17_s390x.manylinux2014_s390x.whl", hash = "sha256:b03b2708b0bf67c76424a860f848aebaa4772c05529170c3761bfcaea93ec199", size = 10401204, upload-time = "2025-12-19T00:13:43.453Z" },
    { url = "https://files.pythonhosted.org/packages/ac/18/71765e9d63669bf09461c3fea84a7a63232ccb0e83b84676f07b987fc217/ty-0.0.4-py3-none-manylinux_2_17_x86_64.manylinux2014_x86_64.whl", hash = "sha256:469890e885544beb129c21e2f8f15321f0573d094aec13da68593c5f86389ff9", size = 10129713, upload-time = "2025-12-19T00:14:13.725Z" },
    { url = "https://files.pythonhosted.org/packages/c3/2d/c03eba570aa85e9c361de5ed36d60b9ab139e93ee91057f455ab4af48e54/ty-0.0.4-py3-none-musllinux_1_2_aarch64.whl", hash = "sha256:abfd928d09567e12068aeca875e920def3badf1978896f474aa4b85b552703c4", size = 9586203, upload-time = "2025-12-19T00:14:03.423Z" },
    { url = "https://files.pythonhosted.org/packages/61/f1/8c3c82a8df69bd4417c77be4f895d043db26dd47bfcc90b33dc109cd0096/ty-0.0.4-py3-none-musllinux_1_2_armv7l.whl", hash = "sha256:44b8e94f9d64df12eae4cf8031c5ca9a4c610b57092b26ad3d68d91bcc7af122", size = 9608230, upload-time = "2025-12-19T00:13:58.252Z" },
    { url = "https://files.pythonhosted.org/packages/51/0c/d8ba3a85c089c246ef6bd49d0f0b40bc0f9209bb819e8c02ccbea5cb4d57/ty-0.0.4-py3-none-musllinux_1_2_i686.whl", hash = "sha256:9d6a439813e21a06769daf858105818c385d88018929d4a56970d4ddd5cd3df2", size = 9725125, upload-time = "2025-12-19T00:14:05.996Z" },
    { url = "https://files.pythonhosted.org/packages/4d/38/e30f64ad1e40905c766576ec70cffc69163591a5842ce14652672f6ab394/ty-0.0.4-py3-none-musllinux_1_2_x86_64.whl", hash = "sha256:c3cfcf26cfe6c828e91d7a529cc2dda37bc3b51ba06909c9be07002a6584af52", size = 10237174, upload-time = "2025-12-19T00:14:23.858Z" },
    { url = "https://files.pythonhosted.org/packages/cb/d7/8d650aa0be8936dd3ed74e2b0655230e2904caa6077c30c16a089b523cff/ty-0.0.4-py3-none-win32.whl", hash = "sha256:58bbf70dd27af6b00dedbdebeec92d5993aa238664f96fa5c0064930f7a0d30b", size = 9188434, upload-time = "2025-12-19T00:13:45.875Z" },
    { url = "https://files.pythonhosted.org/packages/82/d7/9fc0c81cf0b0d281ac9c18bfbdb4d6bae2173503ba79e40b210ab41c2c8b/ty-0.0.4-py3-none-win_amd64.whl", hash = "sha256:7c2db0f96218f08c140bd9d3fcbb1b3c8c5c4f0c9b0a5624487f0a2bf4b76163", size = 10019313, upload-time = "2025-12-19T00:14:15.968Z" },
    { url = "https://files.pythonhosted.org/packages/5f/b8/3e3246738eed1cd695c5964a401f3b9c757d20ac21fdae06281af9f40ef6/ty-0.0.4-py3-none-win_arm64.whl", hash = "sha256:69f14fc98e4a847afa9f8c5d5234d008820dbc09c7dcdb3ac1ba16628f5132df", size = 9561857, upload-time = "2025-12-19T00:13:48.382Z" },
]
